
Microsoft Visual Studio Solution File, Format Version 12.00
# Visual Studio Version 16
VisualStudioVersion = 16.0.31205.134
MinimumVisualStudioVersion = 10.0.40219.1
Project("{FAE04EC0-301F-11D3-BF4B-00C04F79EFBC}") = "Übung 6 Vererbung", "Übung 6 Vererbung.csproj", "{031B1F2D-1476-409F-BD7A-BFAD202CCADB}"
EndProject
Global
	GlobalSection(SolutionConfigurationPlatforms) = preSolution
		Debug|Any CPU = Debug|Any CPU
		Release|Any CPU = Release|Any CPU
	EndGlobalSection
	GlobalSection(ProjectConfigurationPlatforms) = postSolution
		{031B1F2D-1476-409F-BD7A-BFAD202CCADB}.Debug|Any CPU.ActiveCfg = Debug|Any CPU
		{031B1F2D-1476-409F-BD7A-BFAD202CCADB}.Debug|Any CPU.Build.0 = Debug|Any CPU
		{031B1F2D-1476-409F-BD7A-BFAD202CCADB}.Release|Any CPU.ActiveCfg = Release|Any CPU
		{031B1F2D-1476-409F-BD7A-BFAD202CCADB}.Release|Any CPU.Build.0 = Release|Any CPU
	EndGlobalSection
	GlobalSection(SolutionProperties) = preSolution
		HideSolutionNode = FALSE
	EndGlobalSection
	GlobalSection(ExtensibilityGlobals) = postSolution
		SolutionGuid = {53EE04DB-A980-49DA-BEAE-D3739090F963}
	EndGlobalSection
EndGlobal
