
Microsoft Visual Studio Solution File, Format Version 12.00
# Visual Studio Version 16
VisualStudioVersion = 16.0.30621.155
MinimumVisualStudioVersion = 10.0.40219.1
Project("{FAE04EC0-301F-11D3-BF4B-00C04F79EFBC}") = "BlackJack", "BlackJack.csproj", "{40893C33-337A-4977-A2DD-A903B1C249CE}"
EndProject
Global
	GlobalSection(SolutionConfigurationPlatforms) = preSolution
		Debug|Any CPU = Debug|Any CPU
		Release|Any CPU = Release|Any CPU
	EndGlobalSection
	GlobalSection(ProjectConfigurationPlatforms) = postSolution
		{40893C33-337A-4977-A2DD-A903B1C249CE}.Debug|Any CPU.ActiveCfg = Debug|Any CPU
		{40893C33-337A-4977-A2DD-A903B1C249CE}.Debug|Any CPU.Build.0 = Debug|Any CPU
		{40893C33-337A-4977-A2DD-A903B1C249CE}.Release|Any CPU.ActiveCfg = Release|Any CPU
		{40893C33-337A-4977-A2DD-A903B1C249CE}.Release|Any CPU.Build.0 = Release|Any CPU
	EndGlobalSection
	GlobalSection(SolutionProperties) = preSolution
		HideSolutionNode = FALSE
	EndGlobalSection
	GlobalSection(ExtensibilityGlobals) = postSolution
		SolutionGuid = {CC24FC53-0C80-4FE8-9E5F-D31C7059A5CD}
	EndGlobalSection
EndGlobal
