
Microsoft Visual Studio Solution File, Format Version 12.00
# Visual Studio Version 16
VisualStudioVersion = 16.0.30804.86
MinimumVisualStudioVersion = 10.0.40219.1
Project("{FAE04EC0-301F-11D3-BF4B-00C04F79EFBC}") = "Aufgabe5", "Aufgabe5.csproj", "{066ED426-77EB-4830-AEFD-DADDE6A4A5E1}"
EndProject
Global
	GlobalSection(SolutionConfigurationPlatforms) = preSolution
		Debug|Any CPU = Debug|Any CPU
		Release|Any CPU = Release|Any CPU
	EndGlobalSection
	GlobalSection(ProjectConfigurationPlatforms) = postSolution
		{066ED426-77EB-4830-AEFD-DADDE6A4A5E1}.Debug|Any CPU.ActiveCfg = Debug|Any CPU
		{066ED426-77EB-4830-AEFD-DADDE6A4A5E1}.Debug|Any CPU.Build.0 = Debug|Any CPU
		{066ED426-77EB-4830-AEFD-DADDE6A4A5E1}.Release|Any CPU.ActiveCfg = Release|Any CPU
		{066ED426-77EB-4830-AEFD-DADDE6A4A5E1}.Release|Any CPU.Build.0 = Release|Any CPU
	EndGlobalSection
	GlobalSection(SolutionProperties) = preSolution
		HideSolutionNode = FALSE
	EndGlobalSection
	GlobalSection(ExtensibilityGlobals) = postSolution
		SolutionGuid = {348E1304-17C4-48A2-94E3-850DEA4C1C03}
	EndGlobalSection
EndGlobal
