
Microsoft Visual Studio Solution File, Format Version 12.00
# Visual Studio Version 16
VisualStudioVersion = 16.0.31205.134
MinimumVisualStudioVersion = 10.0.40219.1
Project("{FAE04EC0-301F-11D3-BF4B-00C04F79EFBC}") = "Praktikumsaufgabe 4 (Generics)", "Praktikumsaufgabe 4 (Generics).csproj", "{FF19E4CD-5D00-4E6A-926B-39621D2D9F45}"
EndProject
Global
	GlobalSection(SolutionConfigurationPlatforms) = preSolution
		Debug|Any CPU = Debug|Any CPU
		Release|Any CPU = Release|Any CPU
	EndGlobalSection
	GlobalSection(ProjectConfigurationPlatforms) = postSolution
		{FF19E4CD-5D00-4E6A-926B-39621D2D9F45}.Debug|Any CPU.ActiveCfg = Debug|Any CPU
		{FF19E4CD-5D00-4E6A-926B-39621D2D9F45}.Debug|Any CPU.Build.0 = Debug|Any CPU
		{FF19E4CD-5D00-4E6A-926B-39621D2D9F45}.Release|Any CPU.ActiveCfg = Release|Any CPU
		{FF19E4CD-5D00-4E6A-926B-39621D2D9F45}.Release|Any CPU.Build.0 = Release|Any CPU
	EndGlobalSection
	GlobalSection(SolutionProperties) = preSolution
		HideSolutionNode = FALSE
	EndGlobalSection
	GlobalSection(ExtensibilityGlobals) = postSolution
		SolutionGuid = {DB554093-6434-40DA-B8F2-B2F5C4141AB5}
	EndGlobalSection
EndGlobal
