
Microsoft Visual Studio Solution File, Format Version 12.00
# Visual Studio Version 16
VisualStudioVersion = 16.0.31321.278
MinimumVisualStudioVersion = 10.0.40219.1
Project("{FAE04EC0-301F-11D3-BF4B-00C04F79EFBC}") = "Übung 11 (Delegates)", "Übung 11 (Delegates).csproj", "{B8A7FE80-07AF-43E1-B7B3-B4A241244434}"
EndProject
Global
	GlobalSection(SolutionConfigurationPlatforms) = preSolution
		Debug|Any CPU = Debug|Any CPU
		Release|Any CPU = Release|Any CPU
	EndGlobalSection
	GlobalSection(ProjectConfigurationPlatforms) = postSolution
		{B8A7FE80-07AF-43E1-B7B3-B4A241244434}.Debug|Any CPU.ActiveCfg = Debug|Any CPU
		{B8A7FE80-07AF-43E1-B7B3-B4A241244434}.Debug|Any CPU.Build.0 = Debug|Any CPU
		{B8A7FE80-07AF-43E1-B7B3-B4A241244434}.Release|Any CPU.ActiveCfg = Release|Any CPU
		{B8A7FE80-07AF-43E1-B7B3-B4A241244434}.Release|Any CPU.Build.0 = Release|Any CPU
	EndGlobalSection
	GlobalSection(SolutionProperties) = preSolution
		HideSolutionNode = FALSE
	EndGlobalSection
	GlobalSection(ExtensibilityGlobals) = postSolution
		SolutionGuid = {D4FDDC9E-C1CD-4465-9F4C-7BC10C4B6279}
	EndGlobalSection
EndGlobal
