
Microsoft Visual Studio Solution File, Format Version 12.00
# Visual Studio Version 16
VisualStudioVersion = 16.0.31729.503
MinimumVisualStudioVersion = 10.0.40219.1
Project("{FAE04EC0-301F-11D3-BF4B-00C04F79EFBC}") = "AB4 (Menu)", "AB4 (Menu)\AB4 (Menu).csproj", "{5579351B-73EE-4876-858C-C29702BA3BCB}"
EndProject
Global
	GlobalSection(SolutionConfigurationPlatforms) = preSolution
		Debug|Any CPU = Debug|Any CPU
		Release|Any CPU = Release|Any CPU
	EndGlobalSection
	GlobalSection(ProjectConfigurationPlatforms) = postSolution
		{5579351B-73EE-4876-858C-C29702BA3BCB}.Debug|Any CPU.ActiveCfg = Debug|Any CPU
		{5579351B-73EE-4876-858C-C29702BA3BCB}.Debug|Any CPU.Build.0 = Debug|Any CPU
		{5579351B-73EE-4876-858C-C29702BA3BCB}.Release|Any CPU.ActiveCfg = Release|Any CPU
		{5579351B-73EE-4876-858C-C29702BA3BCB}.Release|Any CPU.Build.0 = Release|Any CPU
	EndGlobalSection
	GlobalSection(SolutionProperties) = preSolution
		HideSolutionNode = FALSE
	EndGlobalSection
	GlobalSection(ExtensibilityGlobals) = postSolution
		SolutionGuid = {8A496619-46C9-47C6-AC2F-EA2C12B8AA75}
	EndGlobalSection
EndGlobal
