
Microsoft Visual Studio Solution File, Format Version 12.00
# Visual Studio Version 16
VisualStudioVersion = 16.0.30717.126
MinimumVisualStudioVersion = 10.0.40219.1
Project("{9A19103F-16F7-4668-BE54-9A1E7A4F7556}") = "DateiLesen", "DateiLesen.csproj", "{7F5A5FF9-4221-4B5D-A492-9FA7DC429838}"
EndProject
Project("{FAE04EC0-301F-11D3-BF4B-00C04F79EFBC}") = "WetterVerarbeiten", "..\WetterVerarbeiten\WetterVerarbeiten.csproj", "{D46C5582-346A-454B-9E53-E20F94EEB682}"
EndProject
Global
	GlobalSection(SolutionConfigurationPlatforms) = preSolution
		Debug|Any CPU = Debug|Any CPU
		Release|Any CPU = Release|Any CPU
	EndGlobalSection
	GlobalSection(ProjectConfigurationPlatforms) = postSolution
		{7F5A5FF9-4221-4B5D-A492-9FA7DC429838}.Debug|Any CPU.ActiveCfg = Debug|Any CPU
		{7F5A5FF9-4221-4B5D-A492-9FA7DC429838}.Debug|Any CPU.Build.0 = Debug|Any CPU
		{7F5A5FF9-4221-4B5D-A492-9FA7DC429838}.Release|Any CPU.ActiveCfg = Release|Any CPU
		{7F5A5FF9-4221-4B5D-A492-9FA7DC429838}.Release|Any CPU.Build.0 = Release|Any CPU
		{D46C5582-346A-454B-9E53-E20F94EEB682}.Debug|Any CPU.ActiveCfg = Debug|Any CPU
		{D46C5582-346A-454B-9E53-E20F94EEB682}.Debug|Any CPU.Build.0 = Debug|Any CPU
		{D46C5582-346A-454B-9E53-E20F94EEB682}.Release|Any CPU.ActiveCfg = Release|Any CPU
		{D46C5582-346A-454B-9E53-E20F94EEB682}.Release|Any CPU.Build.0 = Release|Any CPU
	EndGlobalSection
	GlobalSection(SolutionProperties) = preSolution
		HideSolutionNode = FALSE
	EndGlobalSection
	GlobalSection(ExtensibilityGlobals) = postSolution
		SolutionGuid = {F068AADA-A097-4628-B1C4-94B7384586A1}
	EndGlobalSection
EndGlobal
