
Microsoft Visual Studio Solution File, Format Version 12.00
# Visual Studio Version 16
VisualStudioVersion = 16.0.31321.278
MinimumVisualStudioVersion = 10.0.40219.1
Project("{FAE04EC0-301F-11D3-BF4B-00C04F79EFBC}") = "Übung 9 (Fehlerbehandlung)", "Übung 9 (Fehlerbehandlung).csproj", "{56B90B4F-2BCD-4DC8-B056-FD7AD9D12948}"
EndProject
Global
	GlobalSection(SolutionConfigurationPlatforms) = preSolution
		Debug|Any CPU = Debug|Any CPU
		Release|Any CPU = Release|Any CPU
	EndGlobalSection
	GlobalSection(ProjectConfigurationPlatforms) = postSolution
		{56B90B4F-2BCD-4DC8-B056-FD7AD9D12948}.Debug|Any CPU.ActiveCfg = Debug|Any CPU
		{56B90B4F-2BCD-4DC8-B056-FD7AD9D12948}.Debug|Any CPU.Build.0 = Debug|Any CPU
		{56B90B4F-2BCD-4DC8-B056-FD7AD9D12948}.Release|Any CPU.ActiveCfg = Release|Any CPU
		{56B90B4F-2BCD-4DC8-B056-FD7AD9D12948}.Release|Any CPU.Build.0 = Release|Any CPU
	EndGlobalSection
	GlobalSection(SolutionProperties) = preSolution
		HideSolutionNode = FALSE
	EndGlobalSection
	GlobalSection(ExtensibilityGlobals) = postSolution
		SolutionGuid = {C921FAF3-634E-4088-AFD6-C995A14BA754}
	EndGlobalSection
EndGlobal
